Microsoft Visual Studio Solution File, Format Version 12.00
# Visual Studio Version 17
VisualStudioVersion = 17.5.2.0
MinimumVisualStudioVersion = 10.0.40219.1
Project("{FAE04EC0-301F-11D3-BF4B-00C04F79EFBC}") = "ChatDocsBackEnd", "ChatDocsBackEnd.csproj", "{4FF512AB-B36C-677C-D324-45B7DA330B9B}"
EndProject
Global
	GlobalSection(SolutionConfigurationPlatforms) = preSolution
		Debug|Any CPU = Debug|Any CPU
		Release|Any CPU = Release|Any CPU
	EndGlobalSection
	GlobalSection(ProjectConfigurationPlatforms) = postSolution
		{4FF512AB-B36C-677C-D324-45B7DA330B9B}.Debug|Any CPU.ActiveCfg = Debug|Any CPU
		{4FF512AB-B36C-677C-D324-45B7DA330B9B}.Debug|Any CPU.Build.0 = Debug|Any CPU
		{4FF512AB-B36C-677C-D324-45B7DA330B9B}.Release|Any CPU.ActiveCfg = Release|Any CPU
		{4FF512AB-B36C-677C-D324-45B7DA330B9B}.Release|Any CPU.Build.0 = Release|Any CPU
	EndGlobalSection
	GlobalSection(SolutionProperties) = preSolution
		HideSolutionNode = FALSE
	EndGlobalSection
	GlobalSection(ExtensibilityGlobals) = postSolution
		SolutionGuid = {1A38E47D-A259-42F9-8880-693990469513}
	EndGlobalSection
EndGlobal
